
Microsoft Visual Studio Solution File, Format Version 12.00
# Visual Studio Version 17
VisualStudioVersion = 17.5.33414.496
MinimumVisualStudioVersion = 10.0.40219.1
Project("{9A19103F-16F7-4668-BE54-9A1E7A4F7556}") = "DKey.Algorithms", "DKey.Algorithms\DKey.Algorithms.csproj", "{5355ADC5-816F-430A-BDB1-BB51E9394FF7}"
EndProject
Project("{9A19103F-16F7-4668-BE54-9A1E7A4F7556}") = "DKey2.Algorithms.Tests", "DKey2.Algorithms.Tests\DKey2.Algorithms.Tests.csproj", "{705969DA-A152-47DC-9BB6-D5060B8D81F0}"
EndProject
Project("{9A19103F-16F7-4668-BE54-9A1E7A4F7556}") = "DKey.Algorithms.Benchmark", "DKey.Algorithms.Benchmark\DKey.Algorithms.Benchmark.csproj", "{87196F33-313D-44D1-A48C-40CBDEC13F5E}"
EndProject
Project("{FAE04EC0-301F-11D3-BF4B-00C04F79EFBC}") = "DKey.Sandbox", "DKey.Sandbox\DKey.Sandbox.csproj", "{13E20292-8CAD-415E-8E49-86B594299E74}"
EndProject
Project("{FAE04EC0-301F-11D3-BF4B-00C04F79EFBC}") = "DKey.CodeForces", "DKey.CodeForces\DKey.CodeForces.csproj", "{CF3D6CF5-1E8E-46C7-BD9F-E9BBEA9DF2ED}"
EndProject
Project("{FAE04EC0-301F-11D3-BF4B-00C04F79EFBC}") = "DKey.ContestSubmissionBuilder", "DKey.ContestSubmissionBuilder\DKey.ContestSubmissionBuilder.csproj", "{742AEA26-C91C-4194-9274-B7B076E5B1A6}"
EndProject
Project("{FAE04EC0-301F-11D3-BF4B-00C04F79EFBC}") = "DKey.ContestTemplateBuilder", "DKey.ContestTemplateBuilder\DKey.ContestTemplateBuilder.csproj", "{1C584EFD-E4FD-45D9-98A1-CEDE3F9AD1A3}"
EndProject
Project("{2150E333-8FDC-42A3-9474-1A3956D46DE8}") = "Utils", "Utils", "{6EF0CEE9-8655-4FAA-8E8C-2D3C8870F74B}"
EndProject
Project("{FAE04EC0-301F-11D3-BF4B-00C04F79EFBC}") = "DKey.ContestProcedure", "DKey.ContestProcedure\DKey.ContestProcedure.csproj", "{ED7451EE-8A71-413B-B9A7-9B4EEDA1ED9A}"
EndProject
Global
	GlobalSection(SolutionConfigurationPlatforms) = preSolution
		Debug|Any CPU = Debug|Any CPU
		Release|Any CPU = Release|Any CPU
	EndGlobalSection
	GlobalSection(ProjectConfigurationPlatforms) = postSolution
		{5355ADC5-816F-430A-BDB1-BB51E9394FF7}.Debug|Any CPU.ActiveCfg = Debug|Any CPU
		{5355ADC5-816F-430A-BDB1-BB51E9394FF7}.Debug|Any CPU.Build.0 = Debug|Any CPU
		{5355ADC5-816F-430A-BDB1-BB51E9394FF7}.Release|Any CPU.ActiveCfg = Release|Any CPU
		{5355ADC5-816F-430A-BDB1-BB51E9394FF7}.Release|Any CPU.Build.0 = Release|Any CPU
		{705969DA-A152-47DC-9BB6-D5060B8D81F0}.Debug|Any CPU.ActiveCfg = Debug|Any CPU
		{705969DA-A152-47DC-9BB6-D5060B8D81F0}.Debug|Any CPU.Build.0 = Debug|Any CPU
		{705969DA-A152-47DC-9BB6-D5060B8D81F0}.Release|Any CPU.ActiveCfg = Release|Any CPU
		{705969DA-A152-47DC-9BB6-D5060B8D81F0}.Release|Any CPU.Build.0 = Release|Any CPU
		{87196F33-313D-44D1-A48C-40CBDEC13F5E}.Debug|Any CPU.ActiveCfg = Debug|Any CPU
		{87196F33-313D-44D1-A48C-40CBDEC13F5E}.Debug|Any CPU.Build.0 = Debug|Any CPU
		{87196F33-313D-44D1-A48C-40CBDEC13F5E}.Release|Any CPU.ActiveCfg = Release|Any CPU
		{87196F33-313D-44D1-A48C-40CBDEC13F5E}.Release|Any CPU.Build.0 = Release|Any CPU
		{13E20292-8CAD-415E-8E49-86B594299E74}.Debug|Any CPU.ActiveCfg = Debug|Any CPU
		{13E20292-8CAD-415E-8E49-86B594299E74}.Debug|Any CPU.Build.0 = Debug|Any CPU
		{13E20292-8CAD-415E-8E49-86B594299E74}.Release|Any CPU.ActiveCfg = Release|Any CPU
		{13E20292-8CAD-415E-8E49-86B594299E74}.Release|Any CPU.Build.0 = Release|Any CPU
		{CF3D6CF5-1E8E-46C7-BD9F-E9BBEA9DF2ED}.Debug|Any CPU.ActiveCfg = Debug|Any CPU
		{CF3D6CF5-1E8E-46C7-BD9F-E9BBEA9DF2ED}.Debug|Any CPU.Build.0 = Debug|Any CPU
		{CF3D6CF5-1E8E-46C7-BD9F-E9BBEA9DF2ED}.Release|Any CPU.ActiveCfg = Release|Any CPU
		{CF3D6CF5-1E8E-46C7-BD9F-E9BBEA9DF2ED}.Release|Any CPU.Build.0 = Release|Any CPU
		{742AEA26-C91C-4194-9274-B7B076E5B1A6}.Debug|Any CPU.ActiveCfg = Debug|Any CPU
		{742AEA26-C91C-4194-9274-B7B076E5B1A6}.Debug|Any CPU.Build.0 = Debug|Any CPU
		{742AEA26-C91C-4194-9274-B7B076E5B1A6}.Release|Any CPU.ActiveCfg = Release|Any CPU
		{742AEA26-C91C-4194-9274-B7B076E5B1A6}.Release|Any CPU.Build.0 = Release|Any CPU
		{1C584EFD-E4FD-45D9-98A1-CEDE3F9AD1A3}.Debug|Any CPU.ActiveCfg = Debug|Any CPU
		{1C584EFD-E4FD-45D9-98A1-CEDE3F9AD1A3}.Debug|Any CPU.Build.0 = Debug|Any CPU
		{1C584EFD-E4FD-45D9-98A1-CEDE3F9AD1A3}.Release|Any CPU.ActiveCfg = Release|Any CPU
		{1C584EFD-E4FD-45D9-98A1-CEDE3F9AD1A3}.Release|Any CPU.Build.0 = Release|Any CPU
		{ED7451EE-8A71-413B-B9A7-9B4EEDA1ED9A}.Debug|Any CPU.ActiveCfg = Debug|Any CPU
		{ED7451EE-8A71-413B-B9A7-9B4EEDA1ED9A}.Debug|Any CPU.Build.0 = Debug|Any CPU
		{ED7451EE-8A71-413B-B9A7-9B4EEDA1ED9A}.Release|Any CPU.ActiveCfg = Release|Any CPU
		{ED7451EE-8A71-413B-B9A7-9B4EEDA1ED9A}.Release|Any CPU.Build.0 = Release|Any CPU
	EndGlobalSection
	GlobalSection(SolutionProperties) = preSolution
		HideSolutionNode = FALSE
	EndGlobalSection
	GlobalSection(NestedProjects) = preSolution
		{87196F33-313D-44D1-A48C-40CBDEC13F5E} = {6EF0CEE9-8655-4FAA-8E8C-2D3C8870F74B}
		{742AEA26-C91C-4194-9274-B7B076E5B1A6} = {6EF0CEE9-8655-4FAA-8E8C-2D3C8870F74B}
		{13E20292-8CAD-415E-8E49-86B594299E74} = {6EF0CEE9-8655-4FAA-8E8C-2D3C8870F74B}
		{1C584EFD-E4FD-45D9-98A1-CEDE3F9AD1A3} = {6EF0CEE9-8655-4FAA-8E8C-2D3C8870F74B}
		{ED7451EE-8A71-413B-B9A7-9B4EEDA1ED9A} = {6EF0CEE9-8655-4FAA-8E8C-2D3C8870F74B}
	EndGlobalSection
EndGlobal
